
Microsoft Visual Studio Solution File, Format Version 12.00
# Visual Studio Version 16
VisualStudioVersion = 16.0.31025.194
MinimumVisualStudioVersion = 10.0.40219.1
Project("{FAE04EC0-301F-11D3-BF4B-00C04F79EFBC}") = "ShopExam", "ShopExam\ShopExam.csproj", "{86F4C8D8-F778-4C3B-81CA-371BAF90FB42}"
EndProject
Global
	GlobalSection(SolutionConfigurationPlatforms) = preSolution
		Debug|Any CPU = Debug|Any CPU
		Release|Any CPU = Release|Any CPU
	EndGlobalSection
	GlobalSection(ProjectConfigurationPlatforms) = postSolution
		{86F4C8D8-F778-4C3B-81CA-371BAF90FB42}.Debug|Any CPU.ActiveCfg = Debug|Any CPU
		{86F4C8D8-F778-4C3B-81CA-371BAF90FB42}.Debug|Any CPU.Build.0 = Debug|Any CPU
		{86F4C8D8-F778-4C3B-81CA-371BAF90FB42}.Release|Any CPU.ActiveCfg = Release|Any CPU
		{86F4C8D8-F778-4C3B-81CA-371BAF90FB42}.Release|Any CPU.Build.0 = Release|Any CPU
	EndGlobalSection
	GlobalSection(SolutionProperties) = preSolution
		HideSolutionNode = FALSE
	EndGlobalSection
	GlobalSection(ExtensibilityGlobals) = postSolution
		SolutionGuid = {CDF6B751-745B-424F-82E4-3D1126C2748F}
	EndGlobalSection
EndGlobal
